{
  "name": "refugio-app-crud2",
  "version": "1.0.0",
  "lockfileVersion": 3,
  "requires": true,
  "packages": {
    "": {
      "dependencies": {
        "sweetalert2": "^11.26.2"
      },
      "devDependencies": {
        "@types/node": "^20.12.12",
        "typescript": "^5.6.3"
      }
    },
    "node_modules/@types/node": {
      "version": "20.19.18",
      "resolved": "https://registry.npmjs.org/@types/node/-/node-20.19.18.tgz",
      "integrity": "sha512-KeYVbfnbsBCyKG8e3gmUqAfyZNcoj/qpEbHRkQkfZdKOBrU7QQ+BsTdfqLSWX9/m1ytYreMhpKvp+EZi3UFYAg==",
      "dev": true,
      "license": "MIT",
      "dependencies": {
        "undici-types": "~6.21.0"
      }
    },
    "node_modules/sweetalert2": {
      "version": "11.26.2",
      "resolved": "https://registry.npmjs.org/sweetalert2/-/sweetalert2-11.26.2.tgz",
      "integrity": "sha512-tR5oADjrN6gv+0Y/tpfMXM/rSlx/QHmRhygBHhWh29iw1AO/x7D8OhghyogaY+NLZrd4qfhssVafRBHi+DREzQ==",
      "license": "MIT",
      "funding": {
        "type": "individual",
        "url": "https://github.com/sponsors/limonte"
      }
    },
    "node_modules/typescript": {
      "version": "5.9.2",
      "resolved": "https://registry.npmjs.org/typescript/-/typescript-5.9.2.tgz",
      "integrity": "sha512-CWBzXQrc/qOkhidw1OzBTQuYRbfyxDXJMVJ1XNwUHGROVmuaeiEm3OslpZ1RV96d7SKKjZKrSJu3+t/xlw3R9A==",
      "dev": true,
      "license": "Apache-2.0",
      "bin": {
        "tsc": "bin/tsc",
        "tsserver": "bin/tsserver"
      },
      "engines": {
        "node": ">=14.17"
      }
    },
    "node_modules/undici-types": {
      "version": "6.21.0",
      "resolved": "https://registry.npmjs.org/undici-types/-/undici-types-6.21.0.tgz",
      "integrity": "sha512-iwDZqg0QAGrg9Rav5H4n0M64c3mkR59cJ6wQp+7C4nI0gsmExaedaYLNO44eT4AtBBwjbTiGPMlt2Md0T9H9JQ==",
      "dev": true,
      "license": "MIT"
    }
  }
}
